
Microsoft Visual Studio Solution File, Format Version 12.00
# Visual Studio Version 16
VisualStudioVersion = 16.0.31019.35
MinimumVisualStudioVersion = 10.0.40219.1
Project("{FAE04EC0-301F-11D3-BF4B-00C04F79EFBC}") = "Course", "Course\Course.csproj", "{CBA2413A-6474-452D-A417-57694F80A04A}"
EndProject
Global
	GlobalSection(SolutionConfigurationPlatforms) = preSolution
		Debug|Any CPU = Debug|Any CPU
		Release|Any CPU = Release|Any CPU
	EndGlobalSection
	GlobalSection(ProjectConfigurationPlatforms) = postSolution
		{CBA2413A-6474-452D-A417-57694F80A04A}.Debug|Any CPU.ActiveCfg = Debug|Any CPU
		{CBA2413A-6474-452D-A417-57694F80A04A}.Debug|Any CPU.Build.0 = Debug|Any CPU
		{CBA2413A-6474-452D-A417-57694F80A04A}.Release|Any CPU.ActiveCfg = Release|Any CPU
		{CBA2413A-6474-452D-A417-57694F80A04A}.Release|Any CPU.Build.0 = Release|Any CPU
	EndGlobalSection
	GlobalSection(SolutionProperties) = preSolution
		HideSolutionNode = FALSE
	EndGlobalSection
	GlobalSection(ExtensibilityGlobals) = postSolution
		SolutionGuid = {14F49BEE-1F5B-495D-B04B-042BFC0DF89B}
	EndGlobalSection
EndGlobal
